Microsoft Visual Studio Solution File, Format Version 12.00
# Visual Studio 2012
Project("{FAE04EC0-301F-11D3-BF4B-00C04F79EFBC}") = "front", "front.csproj", "{87BE2492-B319-4EEE-9BA2-FECF870BCB8B}"
EndProject
Global
	GlobalSection(SolutionConfigurationPlatforms) = preSolution
	Debug|Any CPU = Debug|Any CPU
	ExportDebug|Any CPU = ExportDebug|Any CPU
	ExportRelease|Any CPU = ExportRelease|Any CPU
	EndGlobalSection
	GlobalSection(ProjectConfigurationPlatforms) = postSolution
		{87BE2492-B319-4EEE-9BA2-FECF870BCB8B}.Debug|Any CPU.ActiveCfg = Debug|Any CPU
		{87BE2492-B319-4EEE-9BA2-FECF870BCB8B}.Debug|Any CPU.Build.0 = Debug|Any CPU
		{87BE2492-B319-4EEE-9BA2-FECF870BCB8B}.ExportDebug|Any CPU.ActiveCfg = ExportDebug|Any CPU
		{87BE2492-B319-4EEE-9BA2-FECF870BCB8B}.ExportDebug|Any CPU.Build.0 = ExportDebug|Any CPU
		{87BE2492-B319-4EEE-9BA2-FECF870BCB8B}.ExportRelease|Any CPU.ActiveCfg = ExportRelease|Any CPU
		{87BE2492-B319-4EEE-9BA2-FECF870BCB8B}.ExportRelease|Any CPU.Build.0 = ExportRelease|Any CPU
	EndGlobalSection
EndGlobal
